<?xml version="1.0" encoding="utf-8"?>
<Project ToolsVersion="4.0" xmlns="http://schemas.microsoft.com/developer/msbuild/2003">
  <ItemGroup>
    <Filter Include="Source Files">
      <UniqueIdentifier>{4FC737F1-C7A5-4376-A066-2A32D752A2FF}</UniqueIdentifier>
      <Extensions>cpp;c;cc;cxx;def;odl;idl;hpj;bat;asm;asmx</Extensions>
    </Filter>
    <Filter Include="Header Files">
      <UniqueIdentifier>{93995380-89BD-4b04-88EB-625FBE52EBFB}</UniqueIdentifier>
      <Extensions>h;hpp;hxx;hm;inl;inc;xsd</Extensions>
    </Filter>
    <Filter Include="Resource Files">
      <UniqueIdentifier>{67DA6AB6-F800-4c08-8B7A-83BB121AAD01}</UniqueIdentifier>
      <Extensions>rc;ico;cur;bmp;dlg;rc2;rct;bin;rgs;gif;jpg;jpeg;jpe;resx;tiff;tif;png;wav</Extensions>
    </Filter>
    <Filter Include="Blocks">
      <UniqueIdentifier>{1CECED00-B324-4B76-95CC-89EA4F4873C0}</UniqueIdentifier>
    </Filter>
    <Filter Include="Blocks\vnm">
      <UniqueIdentifier>{593E3998-BF45-4A49-9D8A-BF80C22671A0}</UniqueIdentifier>
    </Filter>
    <Filter Include="Blocks\vnm\src">
      <UniqueIdentifier>{83D889A0-7735-4F11-97DF-F56CF3544FA3}</UniqueIdentifier>
    </Filter>
    <Filter Include="Blocks\vnm\include">
      <UniqueIdentifier>{4AC6FC6B-6529-4495-BFF9-6D6A97BEB257}</UniqueIdentifier>
    </Filter>
    <Filter Include="Blocks\3rdparty">
      <UniqueIdentifier>{1d1b5c93-1cda-429f-b42e-14a5a3539052}</UniqueIdentifier>
    </Filter>
    <Filter Include="Blocks\melo">
      <UniqueIdentifier>{6aa2cfb5-7479-4425-87bb-56104f08facb}</UniqueIdentifier>
    </Filter>
    <Filter Include="Blocks\vnm\ui">
      <UniqueIdentifier>{0cc3464f-d296-4845-bac9-422e575a7c0c}</UniqueIdentifier>
    </Filter>
    <Filter Include="Blocks\melo\postprocess">
      <UniqueIdentifier>{bb6585b9-e70c-4948-a5e4-c948e1dd9f3a}</UniqueIdentifier>
    </Filter>
    <Filter Include="Blocks\miniz">
      <UniqueIdentifier>{b00341a0-5244-46ce-a36d-d49b763466a1}</UniqueIdentifier>
    </Filter>
  </ItemGroup>
  <ItemGroup>
    <ClCompile Include="..\src\MeshViewerApp.cpp">
      <Filter>Source Files</Filter>
    </ClCompile>
    <ClInclude Include="..\include\Resources.h">
      <Filter>Header Files</Filter>
    </ClInclude>
    <ClInclude Include="..\include\item.def">
      <Filter>Header Files</Filter>
    </ClInclude>
    <ClCompile Include="..\src\MeshViewerApp.cpp">
      <Filter>Source Files</Filter>
    </ClCompile>
    <ClCompile Include="..\..\..\..\Cinder-VNM\src\AssetManager.cpp">
      <Filter>Blocks\vnm\src</Filter>
    </ClCompile>
    <ClInclude Include="..\..\..\..\Cinder-VNM\include\AnsiToUtf.h">
      <Filter>Blocks\vnm\include</Filter>
    </ClInclude>
    <ClInclude Include="..\..\..\..\Cinder-VNM\include\AssetManager.h">
      <Filter>Blocks\vnm\include</Filter>
    </ClInclude>
    <ClInclude Include="..\..\..\..\Cinder-VNM\include\CaptureHelper.h">
      <Filter>Blocks\vnm\include</Filter>
    </ClInclude>
    <ClInclude Include="..\..\..\..\Cinder-VNM\include\FontHelper.h">
      <Filter>Blocks\vnm\include</Filter>
    </ClInclude>
    <ClInclude Include="..\..\..\..\Cinder-VNM\include\GlslParamsBuilder.h">
      <Filter>Blocks\vnm\include</Filter>
    </ClInclude>
    <ClInclude Include="..\..\..\..\Cinder-VNM\include\GlslParamsBuilderImgui.h">
      <Filter>Blocks\vnm\include</Filter>
    </ClInclude>
    <ClInclude Include="..\..\..\..\Cinder-VNM\include\MiniConfig.h">
      <Filter>Blocks\vnm\include</Filter>
    </ClInclude>
    <ClInclude Include="..\..\..\..\Cinder-VNM\include\MiniConfigImgui.h">
      <Filter>Blocks\vnm\include</Filter>
    </ClInclude>
    <ClInclude Include="..\..\..\..\Cinder-VNM\include\MotionHelper.h">
      <Filter>Blocks\vnm\include</Filter>
    </ClInclude>
    <ClInclude Include="..\..\..\..\Cinder-VNM\include\NvOptimusEnablement.h">
      <Filter>Blocks\vnm\include</Filter>
    </ClInclude>
    <ClInclude Include="..\..\..\..\Cinder-VNM\include\OscHelper.h">
      <Filter>Blocks\vnm\include</Filter>
    </ClInclude>
    <ClInclude Include="..\..\..\..\Cinder-VNM\include\StateMachine.h">
      <Filter>Blocks\vnm\include</Filter>
    </ClInclude>
    <ClInclude Include="..\..\..\..\Cinder-VNM\include\TextureHelper.h">
      <Filter>Blocks\vnm\include</Filter>
    </ClInclude>
    <ClInclude Include="..\..\..\..\Cinder-VNM\include\TuioHelper.h">
      <Filter>Blocks\vnm\include</Filter>
    </ClInclude>
    <ClCompile Include="..\..\..\..\Cinder-VNM\src\MiniConfig.cpp">
      <Filter>Blocks\vnm\src</Filter>
    </ClCompile>
    <ClCompile Include="..\..\..\src\cigltf.cpp">
      <Filter>Blocks\melo</Filter>
    </ClCompile>
    <ClCompile Include="..\..\..\src\ciobj.cpp">
      <Filter>Blocks\melo</Filter>
    </ClCompile>
    <ClCompile Include="..\..\..\src\Node.cpp">
      <Filter>Blocks\melo</Filter>
    </ClCompile>
    <ClCompile Include="..\..\..\3rdparty\tinygltf\tiny_gltf.cc">
      <Filter>Blocks\3rdparty</Filter>
    </ClCompile>
    <ClCompile Include="..\..\..\3rdparty\tinyobjloader\tiny_obj_loader.cc">
      <Filter>Blocks\3rdparty</Filter>
    </ClCompile>
    <ClCompile Include="..\..\..\3rdparty\tinyply\tinyply.cpp">
      <Filter>Blocks\3rdparty</Filter>
    </ClCompile>
    <ClCompile Include="..\..\..\3rdparty\vox\read_vox.cpp">
      <Filter>Blocks\melo</Filter>
    </ClCompile>
    <ClCompile Include="..\..\..\src\NodeExt.cpp">
      <Filter>Blocks\melo</Filter>
    </ClCompile>
    <ClCompile Include="..\..\..\src\melo.cpp">
      <Filter>Blocks\melo</Filter>
    </ClCompile>
    <ClCompile Include="..\..\..\src\SkyNode.cpp">
      <Filter>Blocks\melo</Filter>
    </ClCompile>
    <ClCompile Include="..\..\..\src\SceneIO.cpp">
      <Filter>Blocks\melo</Filter>
    </ClCompile>
    <ClCompile Include="..\..\..\..\Cinder-VNM\ui\DearLogger.cpp">
      <Filter>Blocks\vnm\ui</Filter>
    </ClCompile>
    <ClCompile Include="..\..\..\..\Cinder-VNM\ui\CinderGuizmo.cpp">
      <Filter>Blocks\vnm\ui</Filter>
    </ClCompile>
    <ClCompile Include="..\..\..\..\Cinder-VNM\ui\ImGuizmo\ImGuizmo.cpp">
      <Filter>Blocks\vnm\ui</Filter>
    </ClCompile>
    <ClCompile Include="..\..\..\src\postprocess\SMAA.cpp">
      <Filter>Blocks\melo\postprocess</Filter>
    </ClCompile>
    <ClCompile Include="..\..\..\src\postprocess\FXAA.cpp">
      <Filter>Blocks\melo\postprocess</Filter>
    </ClCompile>
    <ClCompile Include="..\src\miniz\miniz.c">
      <Filter>Blocks\miniz</Filter>
    </ClCompile>
  </ItemGroup>
  <ItemGroup>
    <ClInclude Include="..\include\Resources.h">
      <Filter>Header Files</Filter>
    </ClInclude>
    <ClInclude Include="..\..\..\include\cigltf.h">
      <Filter>Blocks\melo</Filter>
    </ClInclude>
    <ClInclude Include="..\..\..\include\ciobj.h">
      <Filter>Blocks\melo</Filter>
    </ClInclude>
    <ClInclude Include="..\..\..\include\FirstPersonCamera.h">
      <Filter>Blocks\melo</Filter>
    </ClInclude>
    <ClInclude Include="..\..\..\include\Node.h">
      <Filter>Blocks\melo</Filter>
    </ClInclude>
    <ClInclude Include="..\..\..\3rdparty\flythrough_camera\flythrough_camera.h">
      <Filter>Blocks\3rdparty</Filter>
    </ClInclude>
    <ClInclude Include="..\..\..\3rdparty\tinygltf\json.hpp">
      <Filter>Blocks\3rdparty</Filter>
    </ClInclude>
    <ClInclude Include="..\..\..\3rdparty\tinygltf\stb_image.h">
      <Filter>Blocks\3rdparty</Filter>
    </ClInclude>
    <ClInclude Include="..\..\..\3rdparty\tinygltf\stb_image_write.h">
      <Filter>Blocks\3rdparty</Filter>
    </ClInclude>
    <ClInclude Include="..\..\..\3rdparty\tinygltf\tiny_gltf.h">
      <Filter>Blocks\3rdparty</Filter>
    </ClInclude>
    <ClInclude Include="..\..\..\3rdparty\tinyobjloader\tiny_obj_loader.h">
      <Filter>Blocks\3rdparty</Filter>
    </ClInclude>
    <ClInclude Include="..\..\..\3rdparty\tinyply\tinyply.h">
      <Filter>Blocks\3rdparty</Filter>
    </ClInclude>
    <ClInclude Include="..\..\..\3rdparty\vox\read_vox.h">
      <Filter>Blocks\melo</Filter>
    </ClInclude>
    <ClInclude Include="..\..\..\include\melo.h">
      <Filter>Blocks\melo</Filter>
    </ClInclude>
    <ClInclude Include="..\..\..\include\SkyNode.h">
      <Filter>Blocks\melo</Filter>
    </ClInclude>
    <ClInclude Include="..\..\..\include\NodeExt.h">
      <Filter>Blocks\melo</Filter>
    </ClInclude>
    <ClInclude Include="..\..\..\..\Cinder-VNM\ui\ImGuizmo\ImGuizmo.h">
      <Filter>Blocks\vnm\ui</Filter>
    </ClInclude>
    <ClInclude Include="..\..\..\src\postprocess\AreaTex.h">
      <Filter>Blocks\melo\postprocess</Filter>
    </ClInclude>
    <ClInclude Include="..\..\..\src\postprocess\SearchTex.h">
      <Filter>Blocks\melo\postprocess</Filter>
    </ClInclude>
    <ClInclude Include="..\..\..\include\postprocess\FXAA.h">
      <Filter>Blocks\melo\postprocess</Filter>
    </ClInclude>
    <ClInclude Include="..\..\..\include\postprocess\SMAA.h">
      <Filter>Blocks\melo\postprocess</Filter>
    </ClInclude>
    <ClInclude Include="..\src\miniz\miniz.h">
      <Filter>Blocks\miniz</Filter>
    </ClInclude>
  </ItemGroup>
  <ItemGroup>
    <ResourceCompile Include="Resources.rc">
      <Filter>Resource Files</Filter>
    </ResourceCompile>
  </ItemGroup>
</Project>